// !$*UTF8*$!
{
	archiveVersion = 1;
	classes = {
	};
	objectVersion = 46;
	objects = {

/* Begin PBXBuildFile section */
		2AFC3BA41AD6F83100C79000 /* main.m in Sources */ = {isa = PBXBuildFile; fileRef = 2AFC3BA31AD6F83100C79000 /* main.m */; };
		2AFC3BAC1AD6F9BD00C79000 /* Car.m in Sources */ = {isa = PBXBuildFile; fileRef = 2AFC3BAB1AD6F9BD00C79000 /* Car.m */; };
		2AFC3BAF1AD70B6800C79000 /* dynamicTyping.m in Sources */ = {isa = PBXBuildFile; fileRef = 2AFC3BAE1AD70B6800C79000 /* dynamicTyping.m */; };
/* End PBXBuildFile section */

/* Begin PBXCopyFilesBuildPhase section */
		2AFC3B9E1AD6F83100C79000 /* CopyFiles */ = {
			isa = PBXCopyFilesBuildPhase;
			buildActionMask = 2147483647;
			dstPath = /usr/share/man/man1/;
			dstSubfolderSpec = 0;
			files = (
			);
			runOnlyForDeploymentPostprocessing = 1;
		};
/* End PBXCopyFilesBuildPhase section */

/* Begin PBXFileReference section */
		2AFC3BA01AD6F83100C79000 /* BMDay4Assignment */ = {isa = PBXFileReference; explicitFileType = "compiled.mach-o.executable"; includeInIndex = 0; path = BMDay4Assignment; sourceTree = BUILT_PRODUCTS_DIR; };
		2AFC3BA31AD6F83100C79000 /* main.m */ = {isa = PBXFileReference; lastKnownFileType = sourcecode.c.objc; path = main.m; sourceTree = "<group>"; };
		2AFC3BAA1AD6F9BD00C79000 /* Car.h */ = {isa = PBXFileReference; fileEncoding = 4; lastKnownFileType = sourcecode.c.h; name = Car.h; path = BMDay4Assignment/Car.h; sourceTree = "<group>"; };
		2AFC3BAB1AD6F9BD00C79000 /* Car.m */ = {isa = PBXFileReference; fileEncoding = 4; lastKnownFileType = sourcecode.c.objc; name = Car.m; path = BMDay4Assignment/Car.m; sourceTree = "<group>"; };
		2AFC3BAE1AD70B6800C79000 /* dynamicTyping.m */ = {isa = PBXFileReference; fileEncoding = 4; lastKnownFileType = sourcecode.c.objc; path = dynamicTyping.m; sourceTree = "<group>"; };
/* End PBXFileReference section */

/* Begin PBXFrameworksBuildPhase section */
		2AFC3B9D1AD6F83100C79000 /* Frameworks */ = {
			isa = PBXFrameworksBuildPhase;
			buildActionMask = 2147483647;
			files = (
			);
			runOnlyForDeploymentPostprocessing = 0;
		};
/* End PBXFrameworksBuildPhase section */

/* Begin PBXGroup section */
		2AFC3B971AD6F83100C79000 = {
			isa = PBXGroup;
			children = (
				2AFC3BAD1AD6F9E600C79000 /* Model */,
				2AFC3BA21AD6F83100C79000 /* BMDay4Assignment */,
				2AFC3BA11AD6F83100C79000 /* Products */,
			);
			sourceTree = "<group>";
		};
		2AFC3BA11AD6F83100C79000 /* Products */ = {
			isa = PBXGroup;
			children = (
				2AFC3BA01AD6F83100C79000 /* BMDay4Assignment */,
			);
			name = Products;
			sourceTree = "<group>";
		};
		2AFC3BA21AD6F83100C79000 /* BMDay4Assignment */ = {
			isa = PBXGroup;
			children = (
				2AFC3BA31AD6F83100C79000 /* main.m */,
				2AFC3BAE1AD70B6800C79000 /* dynamicTyping.m */,
			);
			path = BMDay4Assignment;
			sourceTree = "<group>";
		};
		2AFC3BAD1AD6F9E600C79000 /* Model */ = {
			isa = PBXGroup;
			children = (
				2AFC3BAA1AD6F9BD00C79000 /* Car.h */,
				2AFC3BAB1AD6F9BD00C79000 /* Car.m */,
			);
			name = Model;
			sourceTree = "<group>";
		};
/* End PBXGroup section */

/* Begin PBXNativeTarget section */
		2AFC3B9F1AD6F83100C79000 /* BMDay4Assignment */ = {
			isa = PBXNativeTarget;
			buildConfigurationList = 2AFC3BA71AD6F83100C79000 /* Build configuration list for PBXNativeTarget "BMDay4Assignment" */;
			buildPhases = (
				2AFC3B9C1AD6F83100C79000 /* Sources */,
				2AFC3B9D1AD6F83100C79000 /* Frameworks */,
				2AFC3B9E1AD6F83100C79000 /* CopyFiles */,
			);
			buildRules = (
			);
			dependencies = (
			);
			name = BMDay4Assignment;
			productName = BMDay4Assignment;
			productReference = 2AFC3BA01AD6F83100C79000 /* BMDay4Assignment */;
			productType = "com.apple.product-type.tool";
		};
/* End PBXNativeTarget section */

/* Begin PBXProject section */
		2AFC3B981AD6F83100C79000 /* Project object */ = {
			isa = PBXProject;
			attributes = {
				LastUpgradeCheck = 0620;
				ORGANIZATIONNAME = ProjectDGW;
				TargetAttributes = {
					2AFC3B9F1AD6F83100C79000 = {
						CreatedOnToolsVersion = 6.2;
					};
				};
			};
			buildConfigurationList = 2AFC3B9B1AD6F83100C79000 /* Build configuration list for PBXProject "BMDay4Assignment" */;
			compatibilityVersion = "Xcode 3.2";
			developmentRegion = English;
			hasScannedForEncodings = 0;
			knownRegions = (
				en,
			);
			mainGroup = 2AFC3B971AD6F83100C79000;
			productRefGroup = 2AFC3BA11AD6F83100C79000 /* Products */;
			projectDirPath = "";
			projectRoot = "";
			targets = (
				2AFC3B9F1AD6F83100C79000 /* BMDay4Assignment */,
			);
		};
/* End PBXProject section */

/* Begin PBXSourcesBuildPhase section */
		2AFC3B9C1AD6F83100C79000 /* Sources */ = {
			isa = PBXSourcesBuildPhase;
			buildActionMask = 2147483647;
			files = (
				2AFC3BAC1AD6F9BD00C79000 /* Car.m in Sources */,
				2AFC3BAF1AD70B6800C79000 /* dynamicTyping.m in Sources */,
				2AFC3BA41AD6F83100C79000 /* main.m in Sources */,
			);
			runOnlyForDeploymentPostprocessing = 0;
		};
/* End PBXSourcesBuildPhase section */

/* Begin XCBuildConfiguration section */
		2AFC3BA51AD6F83100C79000 /* Debug */ = {
			isa = XCBuildConfiguration;
			buildSettings = {
				ALWAYS_SEARCH_USER_PATHS = NO;
				CLANG_CXX_LANGUAGE_STANDARD = "gnu++0x";
				CLANG_CXX_LIBRARY = "libc++";
				CLANG_ENABLE_MODULES = YES;
				CLANG_ENABLE_OBJC_ARC = YES;
				CLANG_WARN_BOOL_CONVERSION = YES;
				CLANG_WARN_CONSTANT_CONVERSION = YES;
				CLANG_WARN_DIRECT_OBJC_ISA_USAGE = YES_ERROR;
				CLANG_WARN_EMPTY_BODY = YES;
				CLANG_WARN_ENUM_CONVERSION = YES;
				CLANG_WARN_INT_CONVERSION = YES;
				CLANG_WARN_OBJC_ROOT_CLASS = YES_ERROR;
				CLANG_WARN_UNREACHABLE_CODE = YES;
				CLANG_WARN__DUPLICATE_METHOD_MATCH = YES;
				COPY_PHASE_STRIP = NO;
				ENABLE_STRICT_OBJC_MSGSEND = YES;
				GCC_C_LANGUAGE_STANDARD = gnu99;
				GCC_DYNAMIC_NO_PIC = NO;
				GCC_OPTIMIZATION_LEVEL = 0;
				GCC_PREPROCESSOR_DEFINITIONS = (
					"DEBUG=1",
					"$(inherited)",
				);
				GCC_SYMBOLS_PRIVATE_EXTERN = NO;
				GCC_WARN_64_TO_32_BIT_CONVERSION = YES;
				GCC_WARN_ABOUT_RETURN_TYPE = YES_ERROR;
				GCC_WARN_UNDECLARED_SELECTOR = YES;
				GCC_WARN_UNINITIALIZED_AUTOS = YES_AGGRESSIVE;
				GCC_WARN_UNUSED_FUNCTION = YES;
				GCC_WARN_UNUSED_VARIABLE = YES;
				MACOSX_DEPLOYMENT_TARGET = 10.10;
				MTL_ENABLE_DEBUG_INFO = YES;
				ONLY_ACTIVE_ARCH = YES;
				SDKROOT = macosx;
			};
			name = Debug;
		};
		2AFC3BA61AD6F83100C79000 /* Release */ = {
			isa = XCBuildConfiguration;
			buildSettings = {
				ALWAYS_SEARCH_USER_PATHS = NO;
				CLANG_CXX_LANGUAGE_STANDARD = "gnu++0x";
				CLANG_CXX_LIBRARY = "libc++";
				CLANG_ENABLE_MODULES = YES;
				CLANG_ENABLE_OBJC_ARC = YES;
				CLANG_WARN_BOOL_CONVERSION = YES;
				CLANG_WARN_CONSTANT_CONVERSION = YES;
				CLANG_WARN_DIRECT_OBJC_ISA_USAGE = YES_ERROR;
				CLANG_WARN_EMPTY_BODY = YES;
				CLANG_WARN_ENUM_CONVERSION = YES;
				CLANG_WARN_INT_CONVERSION = YES;
				CLANG_WARN_OBJC_ROOT_CLASS = YES_ERROR;
				CLANG_WARN_UNREACHABLE_CODE = YES;
				CLANG_WARN__DUPLICATE_METHOD_MATCH = YES;
				COPY_PHASE_STRIP = NO;
				DEBUG_INFORMATION_FORMAT = "dwarf-with-dsym";
				ENABLE_NS_ASSERTIONS = NO;
				ENABLE_STRICT_OBJC_MSGSEND = YES;
				GCC_C_LANGUAGE_STANDARD = gnu99;
				GCC_WARN_64_TO_32_BIT_CONVERSION = YES;
				GCC_WARN_ABOUT_RETURN_TYPE = YES_ERROR;
				GCC_WARN_UNDECLARED_SELECTOR = YES;
				GCC_WARN_UNINITIALIZED_AUTOS = YES_AGGRESSIVE;
				GCC_WARN_UNUSED_FUNCTION = YES;
				GCC_WARN_UNUSED_VARIABLE = YES;
				MACOSX_DEPLOYMENT_TARGET = 10.10;
				MTL_ENABLE_DEBUG_INFO = NO;
				SDKROOT = macosx;
			};
			name = Release;
		};
		2AFC3BA81AD6F83100C79000 /* Debug */ = {
			isa = XCBuildConfiguration;
			buildSettings = {
				PRODUCT_NAME = "$(TARGET_NAME)";
			};
			name = Debug;
		};
		2AFC3BA91AD6F83100C79000 /* Release */ = {
			isa = XCBuildConfiguration;
			buildSettings = {
				PRODUCT_NAME = "$(TARGET_NAME)";
			};
			name = Release;
		};
/* End XCBuildConfiguration section */

/* Begin XCConfigurationList section */
		2AFC3B9B1AD6F83100C79000 /* Build configuration list for PBXProject "BMDay4Assignment" */ = {
			isa = XCConfigurationList;
			buildConfigurations = (
				2AFC3BA51AD6F83100C79000 /* Debug */,
				2AFC3BA61AD6F83100C79000 /* Release */,
			);
			defaultConfigurationIsVisible = 0;
			defaultConfigurationName = Release;
		};
		2AFC3BA71AD6F83100C79000 /* Build configuration list for PBXNativeTarget "BMDay4Assignment" */ = {
			isa = XCConfigurationList;
			buildConfigurations = (
				2AFC3BA81AD6F83100C79000 /* Debug */,
				2AFC3BA91AD6F83100C79000 /* Release */,
			);
			defaultConfigurationIsVisible = 0;
		};
/* End XCConfigurationList section */
	};
	rootObject = 2AFC3B981AD6F83100C79000 /* Project object */;
}
